Microsoft Visual Studio Solution File, Format Version 12.00
# Visual Studio Version 17
VisualStudioVersion = 17.1.32414.318
MinimumVisualStudioVersion = 10.0.40219.1
Project("{2150E333-8FDC-42A3-9474-1A3956D46DE8}") = "SolutionItems", "SolutionItems", "{BD43E58E-48C2-45A0-A593-1626B877E3E5}"
	ProjectSection(SolutionItems) = preProject
		.gitignore = .gitignore
		CODEOWNERS = CODEOWNERS
		LICENSE = LICENSE
		README.md = README.md
	EndProjectSection
EndProject
Project("{2150E333-8FDC-42A3-9474-1A3956D46DE8}") = "source", "source", "{A852B73A-1824-4C6A-8BE4-E6DD44B26492}"
EndProject
Project("{2150E333-8FDC-42A3-9474-1A3956D46DE8}") = "test", "test", "{E4EEEFDB-45D3-41E9-9FE4-62DFE6698F70}"
EndProject
Project("{2150E333-8FDC-42A3-9474-1A3956D46DE8}") = "manual", "manual", "{C7F6AB0B-00E8-495B-9285-270711E05419}"
EndProject
Project("{2150E333-8FDC-42A3-9474-1A3956D46DE8}") = "automated", "automated", "{BD106A2B-F285-4A23-95FD-D4F96666732B}"
EndProject
Project("{2150E333-8FDC-42A3-9474-1A3956D46DE8}") = "FNA", "FNA", "{E02E054E-3E8C-4207-A92C-A52EAC013DB4}"
EndProject
Project("{9A19103F-16F7-4668-BE54-9A1E7A4F7556}") = "FNA.Core", "FNA\FNA\FNA.Core.csproj", "{546AB09E-CB96-4064-B3F8-A0738E21E3DF}"
EndProject
Project("{D954291E-2A0B-460D-934E-DC6B0785DB48}") = "Velentr.DevEnv", "test\manual\Velentr.DevEnv\Velentr.DevEnv.shproj", "{227895C9-A4FD-43ED-807B-87AF42D69A34}"
EndProject
Project("{9A19103F-16F7-4668-BE54-9A1E7A4F7556}") = "Velentr.DUAL_SUPPORT_WITH_GENERIC.FNA", "source\Velentr.DUAL_SUPPORT_WITH_GENERIC.FNA\Velentr.DUAL_SUPPORT_WITH_GENERIC.FNA.csproj", "{536D492D-E86F-42DB-859E-ED157B8024B4}"
EndProject
Project("{9A19103F-16F7-4668-BE54-9A1E7A4F7556}") = "Velentr.DUAL_SUPPORT_WITH_GENERIC.Monogame", "source\Velentr.DUAL_SUPPORT_WITH_GENERIC.Monogame\Velentr.DUAL_SUPPORT_WITH_GENERIC.Monogame.csproj", "{7AA348D1-5DAE-498E-982C-38AAC514D7E2}"
EndProject
Project("{9A19103F-16F7-4668-BE54-9A1E7A4F7556}") = "Velentr.DevEnv.Console", "test\manual\Velentr.DevEnv.Console\Velentr.DevEnv.Console.csproj", "{4245CD01-4345-4DA0-87F9-023D0DF21D42}"
EndProject
Project("{9A19103F-16F7-4668-BE54-9A1E7A4F7556}") = "Velentr.DUAL_SUPPORT_WITH_GENERIC.Test", "test\automated\Velentr.DUAL_SUPPORT_WITH_GENERIC.Test\Velentr.DUAL_SUPPORT_WITH_GENERIC.Test.csproj", "{FD5000B8-2895-4A44-8A12-66B19CF827E0}"
EndProject
Project("{9A19103F-16F7-4668-BE54-9A1E7A4F7556}") = "Velentr.DUAL_SUPPORT_WITH_GENERIC", "source\Velentr.DUAL_SUPPORT_WITH_GENERIC\Velentr.DUAL_SUPPORT_WITH_GENERIC.csproj", "{A9EB7FC3-48BC-4D61-BC62-528978ABD578}"
EndProject
Project("{D954291E-2A0B-460D-934E-DC6B0785DB48}") = "Velentr.DUAL_SUPPORT_WITH_GENERIC.Shared", "source\Velentr.DUAL_SUPPORT_WITH_GENERIC.Shared\Velentr.DUAL_SUPPORT_WITH_GENERIC.Shared.shproj", "{2F24BA50-02C7-4C79-A2F3-C6216A5E2508}"
EndProject
Global
	GlobalSection(SolutionConfigurationPlatforms) = preSolution
		Debug|Any CPU = Debug|Any CPU
		Debug|x64 = Debug|x64
		Release|Any CPU = Release|Any CPU
		Release|x64 = Release|x64
	EndGlobalSection
	GlobalSection(ProjectConfigurationPlatforms) = postSolution
		{546AB09E-CB96-4064-B3F8-A0738E21E3DF}.Debug|Any CPU.ActiveCfg = Debug|x64
		{546AB09E-CB96-4064-B3F8-A0738E21E3DF}.Debug|Any CPU.Build.0 = Debug|x64
		{546AB09E-CB96-4064-B3F8-A0738E21E3DF}.Debug|x64.ActiveCfg = Debug|x64
		{546AB09E-CB96-4064-B3F8-A0738E21E3DF}.Debug|x64.Build.0 = Debug|x64
		{546AB09E-CB96-4064-B3F8-A0738E21E3DF}.Release|Any CPU.ActiveCfg = Release|x64
		{546AB09E-CB96-4064-B3F8-A0738E21E3DF}.Release|Any CPU.Build.0 = Release|x64
		{546AB09E-CB96-4064-B3F8-A0738E21E3DF}.Release|x64.ActiveCfg = Release|x64
		{546AB09E-CB96-4064-B3F8-A0738E21E3DF}.Release|x64.Build.0 = Release|x64
		{536D492D-E86F-42DB-859E-ED157B8024B4}.Debug|Any CPU.ActiveCfg = Debug|x64
		{536D492D-E86F-42DB-859E-ED157B8024B4}.Debug|Any CPU.Build.0 = Debug|x64
		{536D492D-E86F-42DB-859E-ED157B8024B4}.Debug|x64.ActiveCfg = Debug|x64
		{536D492D-E86F-42DB-859E-ED157B8024B4}.Debug|x64.Build.0 = Debug|x64
		{536D492D-E86F-42DB-859E-ED157B8024B4}.Release|Any CPU.ActiveCfg = Release|x64
		{536D492D-E86F-42DB-859E-ED157B8024B4}.Release|Any CPU.Build.0 = Release|x64
		{536D492D-E86F-42DB-859E-ED157B8024B4}.Release|x64.ActiveCfg = Release|x64
		{536D492D-E86F-42DB-859E-ED157B8024B4}.Release|x64.Build.0 = Release|x64
		{7AA348D1-5DAE-498E-982C-38AAC514D7E2}.Debug|Any CPU.ActiveCfg = Debug|Any CPU
		{7AA348D1-5DAE-498E-982C-38AAC514D7E2}.Debug|Any CPU.Build.0 = Debug|Any CPU
		{7AA348D1-5DAE-498E-982C-38AAC514D7E2}.Debug|x64.ActiveCfg = Debug|Any CPU
		{7AA348D1-5DAE-498E-982C-38AAC514D7E2}.Debug|x64.Build.0 = Debug|Any CPU
		{7AA348D1-5DAE-498E-982C-38AAC514D7E2}.Release|Any CPU.ActiveCfg = Release|Any CPU
		{7AA348D1-5DAE-498E-982C-38AAC514D7E2}.Release|Any CPU.Build.0 = Release|Any CPU
		{7AA348D1-5DAE-498E-982C-38AAC514D7E2}.Release|x64.ActiveCfg = Release|Any CPU
		{7AA348D1-5DAE-498E-982C-38AAC514D7E2}.Release|x64.Build.0 = Release|Any CPU
		{4245CD01-4345-4DA0-87F9-023D0DF21D42}.Debug|Any CPU.ActiveCfg = Debug|Any CPU
		{4245CD01-4345-4DA0-87F9-023D0DF21D42}.Debug|Any CPU.Build.0 = Debug|Any CPU
		{4245CD01-4345-4DA0-87F9-023D0DF21D42}.Debug|x64.ActiveCfg = Debug|Any CPU
		{4245CD01-4345-4DA0-87F9-023D0DF21D42}.Debug|x64.Build.0 = Debug|Any CPU
		{4245CD01-4345-4DA0-87F9-023D0DF21D42}.Release|Any CPU.ActiveCfg = Release|Any CPU
		{4245CD01-4345-4DA0-87F9-023D0DF21D42}.Release|Any CPU.Build.0 = Release|Any CPU
		{4245CD01-4345-4DA0-87F9-023D0DF21D42}.Release|x64.ActiveCfg = Release|Any CPU
		{4245CD01-4345-4DA0-87F9-023D0DF21D42}.Release|x64.Build.0 = Release|Any CPU
		{FD5000B8-2895-4A44-8A12-66B19CF827E0}.Debug|Any CPU.ActiveCfg = Debug|Any CPU
		{FD5000B8-2895-4A44-8A12-66B19CF827E0}.Debug|Any CPU.Build.0 = Debug|Any CPU
		{FD5000B8-2895-4A44-8A12-66B19CF827E0}.Debug|x64.ActiveCfg = Debug|Any CPU
		{FD5000B8-2895-4A44-8A12-66B19CF827E0}.Debug|x64.Build.0 = Debug|Any CPU
		{FD5000B8-2895-4A44-8A12-66B19CF827E0}.Release|Any CPU.ActiveCfg = Release|Any CPU
		{FD5000B8-2895-4A44-8A12-66B19CF827E0}.Release|Any CPU.Build.0 = Release|Any CPU
		{FD5000B8-2895-4A44-8A12-66B19CF827E0}.Release|x64.ActiveCfg = Release|Any CPU
		{FD5000B8-2895-4A44-8A12-66B19CF827E0}.Release|x64.Build.0 = Release|Any CPU
		{A9EB7FC3-48BC-4D61-BC62-528978ABD578}.Debug|Any CPU.ActiveCfg = Debug|Any CPU
		{A9EB7FC3-48BC-4D61-BC62-528978ABD578}.Debug|Any CPU.Build.0 = Debug|Any CPU
		{A9EB7FC3-48BC-4D61-BC62-528978ABD578}.Debug|x64.ActiveCfg = Debug|Any CPU
		{A9EB7FC3-48BC-4D61-BC62-528978ABD578}.Debug|x64.Build.0 = Debug|Any CPU
		{A9EB7FC3-48BC-4D61-BC62-528978ABD578}.Release|Any CPU.ActiveCfg = Release|Any CPU
		{A9EB7FC3-48BC-4D61-BC62-528978ABD578}.Release|Any CPU.Build.0 = Release|Any CPU
		{A9EB7FC3-48BC-4D61-BC62-528978ABD578}.Release|x64.ActiveCfg = Release|Any CPU
		{A9EB7FC3-48BC-4D61-BC62-528978ABD578}.Release|x64.Build.0 = Release|Any CPU
	EndGlobalSection
	GlobalSection(SolutionProperties) = preSolution
		HideSolutionNode = FALSE
	EndGlobalSection
	GlobalSection(NestedProjects) = preSolution
		{C7F6AB0B-00E8-495B-9285-270711E05419} = {E4EEEFDB-45D3-41E9-9FE4-62DFE6698F70}
		{BD106A2B-F285-4A23-95FD-D4F96666732B} = {E4EEEFDB-45D3-41E9-9FE4-62DFE6698F70}
		{546AB09E-CB96-4064-B3F8-A0738E21E3DF} = {E02E054E-3E8C-4207-A92C-A52EAC013DB4}
		{227895C9-A4FD-43ED-807B-87AF42D69A34} = {C7F6AB0B-00E8-495B-9285-270711E05419}
		{536D492D-E86F-42DB-859E-ED157B8024B4} = {A852B73A-1824-4C6A-8BE4-E6DD44B26492}
		{7AA348D1-5DAE-498E-982C-38AAC514D7E2} = {A852B73A-1824-4C6A-8BE4-E6DD44B26492}
		{4245CD01-4345-4DA0-87F9-023D0DF21D42} = {C7F6AB0B-00E8-495B-9285-270711E05419}
		{FD5000B8-2895-4A44-8A12-66B19CF827E0} = {BD106A2B-F285-4A23-95FD-D4F96666732B}
		{A9EB7FC3-48BC-4D61-BC62-528978ABD578} = {A852B73A-1824-4C6A-8BE4-E6DD44B26492}
		{2F24BA50-02C7-4C79-A2F3-C6216A5E2508} = {A852B73A-1824-4C6A-8BE4-E6DD44B26492}
	EndGlobalSection
	GlobalSection(ExtensibilityGlobals) = postSolution
		SolutionGuid = {4ea5abe1-bd58-49f2-a70d-89d5043fe486}
	EndGlobalSection
	GlobalSection(SharedMSBuildProjectFiles) = preSolution
		test\manual\Velentr.DevEnv\Velentr.DevEnv.projitems*{227895c9-a4fd-43ed-807b-87af42d69a34}*SharedItemsImports = 13
		source\Velentr.DUAL_SUPPORT_WITH_GENERIC.Shared\Velentr.DUAL_SUPPORT_WITH_GENERIC.Shared.projitems*{2f24ba50-02c7-4c79-a2f3-c6216a5e2508}*SharedItemsImports = 13
		source\Velentr.DUAL_SUPPORT_WITH_GENERIC.Shared\Velentr.DUAL_SUPPORT_WITH_GENERIC.Shared.projitems*{536d492d-e86f-42db-859e-ed157b8024b4}*SharedItemsImports = 5
		source\Velentr.DUAL_SUPPORT_WITH_GENERIC.Shared\Velentr.DUAL_SUPPORT_WITH_GENERIC.Shared.projitems*{7aa348d1-5dae-498e-982c-38aac514d7e2}*SharedItemsImports = 5
	EndGlobalSection
EndGlobal
